// !$*UTF8*$!
{
	archiveVersion = 1;
	classes = {
	};
	objectVersion = 56;
	objects = {

/* Begin PBXBuildFile section */
		52F3BFD52BD6542F00222BF7 /* HabitTrackerAppApp.swift in Sources */ = {isa = PBXBuildFile; fileRef = 52F3BFD42BD6542F00222BF7 /* HabitTrackerAppApp.swift */; };
		52F3BFD72BD6542F00222BF7 /* ContentView.swift in Sources */ = {isa = PBXBuildFile; fileRef = 52F3BFD62BD6542F00222BF7 /* ContentView.swift */; };
		52F3BFD92BD6543000222BF7 /* Assets.xcassets in Resources */ = {isa = PBXBuildFile; fileRef = 52F3BFD82BD6543000222BF7 /* Assets.xcassets */; };
		52F3BFDC2BD6543000222BF7 /* Preview Assets.xcassets in Resources */ = {isa = PBXBuildFile; fileRef = 52F3BFDB2BD6543000222BF7 /* Preview Assets.xcassets */; };
		52F3BFE62BD6543100222BF7 /* HabitTrackerAppTests.swift in Sources */ = {isa = PBXBuildFile; fileRef = 52F3BFE52BD6543100222BF7 /* HabitTrackerAppTests.swift */; };
		52F3BFF02BD6543100222BF7 /* HabitTrackerAppUITests.swift in Sources */ = {isa = PBXBuildFile; fileRef = 52F3BFEF2BD6543100222BF7 /* HabitTrackerAppUITests.swift */; };
		52F3BFF22BD6543100222BF7 /* HabitTrackerAppUITestsLaunchTests.swift in Sources */ = {isa = PBXBuildFile; fileRef = 52F3BFF12BD6543100222BF7 /* HabitTrackerAppUITestsLaunchTests.swift */; };
		52F3C0022BD656E400222BF7 /* FirebaseAnalytics in Frameworks */ = {isa = PBXBuildFile; productRef = 52F3C0012BD656E400222BF7 /* FirebaseAnalytics */; };
		52F3C0042BD656E400222BF7 /* FirebaseAnalyticsSwift in Frameworks */ = {isa = PBXBuildFile; productRef = 52F3C0032BD656E400222BF7 /* FirebaseAnalyticsSwift */; };
		52F3C0062BD656E400222BF7 /* FirebaseAuth in Frameworks */ = {isa = PBXBuildFile; productRef = 52F3C0052BD656E400222BF7 /* FirebaseAuth */; };
		52F3C0082BD656E400222BF7 /* FirebaseFirestore in Frameworks */ = {isa = PBXBuildFile; productRef = 52F3C0072BD656E400222BF7 /* FirebaseFirestore */; };
		52F3C00A2BD656E400222BF7 /* FirebaseFirestoreSwift in Frameworks */ = {isa = PBXBuildFile; productRef = 52F3C0092BD656E400222BF7 /* FirebaseFirestoreSwift */; };
		52F3C00C2BD656E400222BF7 /* FirebaseMessaging in Frameworks */ = {isa = PBXBuildFile; productRef = 52F3C00B2BD656E400222BF7 /* FirebaseMessaging */; };
		52F3C00E2BD656E400222BF7 /* FirebaseStorage in Frameworks */ = {isa = PBXBuildFile; productRef = 52F3C00D2BD656E400222BF7 /* FirebaseStorage */; };
		52F3C0102BD668E500222BF7 /* HabitInformation.swift in Sources */ = {isa = PBXBuildFile; fileRef = 52F3C00F2BD668E500222BF7 /* HabitInformation.swift */; };
		52F3C0122BD6691600222BF7 /* HabitViewModel.swift in Sources */ = {isa = PBXBuildFile; fileRef = 52F3C0112BD6691600222BF7 /* HabitViewModel.swift */; };
		52F3C0142BD66A2200222BF7 /* HabitEntryView.swift in Sources */ = {isa = PBXBuildFile; fileRef = 52F3C0132BD66A2200222BF7 /* HabitEntryView.swift */; };
		52F3C0162BD6707200222BF7 /* GoogleService-Info.plist in Resources */ = {isa = PBXBuildFile; fileRef = 52F3C0152BD6707200222BF7 /* GoogleService-Info.plist */; };
/* End PBXBuildFile section */

/* Begin PBXContainerItemProxy section */
		52F3BFE22BD6543100222BF7 /* PBXContainerItemProxy */ = {
			isa = PBXContainerItemProxy;
			containerPortal = 52F3BFC92BD6542F00222BF7 /* Project object */;
			proxyType = 1;
			remoteGlobalIDString = 52F3BFD02BD6542F00222BF7;
			remoteInfo = HabitTrackerApp;
		};
		52F3BFEC2BD6543100222BF7 /* PBXContainerItemProxy */ = {
			isa = PBXContainerItemProxy;
			containerPortal = 52F3BFC92BD6542F00222BF7 /* Project object */;
			proxyType = 1;
			remoteGlobalIDString = 52F3BFD02BD6542F00222BF7;
			remoteInfo = HabitTrackerApp;
		};
/* End PBXContainerItemProxy section */

/* Begin PBXFileReference section */
		52F3BFD12BD6542F00222BF7 /* HabitTrackerApp.app */ = {isa = PBXFileReference; explicitFileType = wrapper.application; includeInIndex = 0; path = HabitTrackerApp.app; sourceTree = BUILT_PRODUCTS_DIR; };
		52F3BFD42BD6542F00222BF7 /* HabitTrackerAppApp.swift */ = {isa = PBXFileReference; lastKnownFileType = sourcecode.swift; path = HabitTrackerAppApp.swift; sourceTree = "<group>"; };
		52F3BFD62BD6542F00222BF7 /* ContentView.swift */ = {isa = PBXFileReference; lastKnownFileType = sourcecode.swift; path = ContentView.swift; sourceTree = "<group>"; };
		52F3BFD82BD6543000222BF7 /* Assets.xcassets */ = {isa = PBXFileReference; lastKnownFileType = folder.assetcatalog; path = Assets.xcassets; sourceTree = "<group>"; };
		52F3BFDB2BD6543000222BF7 /* Preview Assets.xcassets */ = {isa = PBXFileReference; lastKnownFileType = folder.assetcatalog; path = "Preview Assets.xcassets"; sourceTree = "<group>"; };
		52F3BFE12BD6543100222BF7 /* HabitTrackerAppTests.xctest */ = {isa = PBXFileReference; explicitFileType = wrapper.cfbundle; includeInIndex = 0; path = HabitTrackerAppTests.xctest; sourceTree = BUILT_PRODUCTS_DIR; };
		52F3BFE52BD6543100222BF7 /* HabitTrackerAppTests.swift */ = {isa = PBXFileReference; lastKnownFileType = sourcecode.swift; path = HabitTrackerAppTests.swift; sourceTree = "<group>"; };
		52F3BFEB2BD6543100222BF7 /* HabitTrackerAppUITests.xctest */ = {isa = PBXFileReference; explicitFileType = wrapper.cfbundle; includeInIndex = 0; path = HabitTrackerAppUITests.xctest; sourceTree = BUILT_PRODUCTS_DIR; };
		52F3BFEF2BD6543100222BF7 /* HabitTrackerAppUITests.swift */ = {isa = PBXFileReference; lastKnownFileType = sourcecode.swift; path = HabitTrackerAppUITests.swift; sourceTree = "<group>"; };
		52F3BFF12BD6543100222BF7 /* HabitTrackerAppUITestsLaunchTests.swift */ = {isa = PBXFileReference; lastKnownFileType = sourcecode.swift; path = HabitTrackerAppUITestsLaunchTests.swift; sourceTree = "<group>"; };
		52F3C00F2BD668E500222BF7 /* HabitInformation.swift */ = {isa = PBXFileReference; lastKnownFileType = sourcecode.swift; path = HabitInformation.swift; sourceTree = "<group>"; };
		52F3C0112BD6691600222BF7 /* HabitViewModel.swift */ = {isa = PBXFileReference; lastKnownFileType = sourcecode.swift; path = HabitViewModel.swift; sourceTree = "<group>"; };
		52F3C0132BD66A2200222BF7 /* HabitEntryView.swift */ = {isa = PBXFileReference; lastKnownFileType = sourcecode.swift; path = HabitEntryView.swift; sourceTree = "<group>"; };
		52F3C0152BD6707200222BF7 /* GoogleService-Info.plist */ = {isa = PBXFileReference; fileEncoding = 4; lastKnownFileType = text.plist.xml; path = "GoogleService-Info.plist"; sourceTree = "<group>"; };
/* End PBXFileReference section */

/* Begin PBXFrameworksBuildPhase section */
		52F3BFCE2BD6542F00222BF7 /* Frameworks */ = {
			isa = PBXFrameworksBuildPhase;
			buildActionMask = 2147483647;
			files = (
				52F3C00C2BD656E400222BF7 /* FirebaseMessaging in Frameworks */,
				52F3C00A2BD656E400222BF7 /* FirebaseFirestoreSwift in Frameworks */,
				52F3C0042BD656E400222BF7 /* FirebaseAnalyticsSwift in Frameworks */,
				52F3C0082BD656E400222BF7 /* FirebaseFirestore in Frameworks */,
				52F3C00E2BD656E400222BF7 /* FirebaseStorage in Frameworks */,
				52F3C0062BD656E400222BF7 /* FirebaseAuth in Frameworks */,
				52F3C0022BD656E400222BF7 /* FirebaseAnalytics in Frameworks */,
			);
			runOnlyForDeploymentPostprocessing = 0;
		};
		52F3BFDE2BD6543100222BF7 /* Frameworks */ = {
			isa = PBXFrameworksBuildPhase;
			buildActionMask = 2147483647;
			files = (
			);
			runOnlyForDeploymentPostprocessing = 0;
		};
		52F3BFE82BD6543100222BF7 /* Frameworks */ = {
			isa = PBXFrameworksBuildPhase;
			buildActionMask = 2147483647;
			files = (
			);
			runOnlyForDeploymentPostprocessing = 0;
		};
/* End PBXFrameworksBuildPhase section */

/* Begin PBXGroup section */
		52F3BFC82BD6542F00222BF7 = {
			isa = PBXGroup;
			children = (
				52F3BFD32BD6542F00222BF7 /* HabitTrackerApp */,
				52F3BFE42BD6543100222BF7 /* HabitTrackerAppTests */,
				52F3BFEE2BD6543100222BF7 /* HabitTrackerAppUITests */,
				52F3BFD22BD6542F00222BF7 /* Products */,
			);
			sourceTree = "<group>";
		};
		52F3BFD22BD6542F00222BF7 /* Products */ = {
			isa = PBXGroup;
			children = (
				52F3BFD12BD6542F00222BF7 /* HabitTrackerApp.app */,
				52F3BFE12BD6543100222BF7 /* HabitTrackerAppTests.xctest */,
				52F3BFEB2BD6543100222BF7 /* HabitTrackerAppUITests.xctest */,
			);
			name = Products;
			sourceTree = "<group>";
		};
		52F3BFD32BD6542F00222BF7 /* HabitTrackerApp */ = {
			isa = PBXGroup;
			children = (
				52F3BFD42BD6542F00222BF7 /* HabitTrackerAppApp.swift */,
				52F3BFD62BD6542F00222BF7 /* ContentView.swift */,
				52F3C0152BD6707200222BF7 /* GoogleService-Info.plist */,
				52F3BFD82BD6543000222BF7 /* Assets.xcassets */,
				52F3BFDA2BD6543000222BF7 /* Preview Content */,
				52F3C00F2BD668E500222BF7 /* HabitInformation.swift */,
				52F3C0112BD6691600222BF7 /* HabitViewModel.swift */,
				52F3C0132BD66A2200222BF7 /* HabitEntryView.swift */,
			);
			path = HabitTrackerApp;
			sourceTree = "<group>";
		};
		52F3BFDA2BD6543000222BF7 /* Preview Content */ = {
			isa = PBXGroup;
			children = (
				52F3BFDB2BD6543000222BF7 /* Preview Assets.xcassets */,
			);
			path = "Preview Content";
			sourceTree = "<group>";
		};
		52F3BFE42BD6543100222BF7 /* HabitTrackerAppTests */ = {
			isa = PBXGroup;
			children = (
				52F3BFE52BD6543100222BF7 /* HabitTrackerAppTests.swift */,
			);
			path = HabitTrackerAppTests;
			sourceTree = "<group>";
		};
		52F3BFEE2BD6543100222BF7 /* HabitTrackerAppUITests */ = {
			isa = PBXGroup;
			children = (
				52F3BFEF2BD6543100222BF7 /* HabitTrackerAppUITests.swift */,
				52F3BFF12BD6543100222BF7 /* HabitTrackerAppUITestsLaunchTests.swift */,
			);
			path = HabitTrackerAppUITests;
			sourceTree = "<group>";
		};
/* End PBXGroup section */

/* Begin PBXNativeTarget section */
		52F3BFD02BD6542F00222BF7 /* HabitTrackerApp */ = {
			isa = PBXNativeTarget;
			buildConfigurationList = 52F3BFF52BD6543100222BF7 /* Build configuration list for PBXNativeTarget "HabitTrackerApp" */;
			buildPhases = (
				52F3BFCD2BD6542F00222BF7 /* Sources */,
				52F3BFCE2BD6542F00222BF7 /* Frameworks */,
				52F3BFCF2BD6542F00222BF7 /* Resources */,
			);
			buildRules = (
			);
			dependencies = (
			);
			name = HabitTrackerApp;
			packageProductDependencies = (
				52F3C0012BD656E400222BF7 /* FirebaseAnalytics */,
				52F3C0032BD656E400222BF7 /* FirebaseAnalyticsSwift */,
				52F3C0052BD656E400222BF7 /* FirebaseAuth */,
				52F3C0072BD656E400222BF7 /* FirebaseFirestore */,
				52F3C0092BD656E400222BF7 /* FirebaseFirestoreSwift */,
				52F3C00B2BD656E400222BF7 /* FirebaseMessaging */,
				52F3C00D2BD656E400222BF7 /* FirebaseStorage */,
			);
			productName = HabitTrackerApp;
			productReference = 52F3BFD12BD6542F00222BF7 /* HabitTrackerApp.app */;
			productType = "com.apple.product-type.application";
		};
		52F3BFE02BD6543100222BF7 /* HabitTrackerAppTests */ = {
			isa = PBXNativeTarget;
			buildConfigurationList = 52F3BFF82BD6543100222BF7 /* Build configuration list for PBXNativeTarget "HabitTrackerAppTests" */;
			buildPhases = (
				52F3BFDD2BD6543100222BF7 /* Sources */,
				52F3BFDE2BD6543100222BF7 /* Frameworks */,
				52F3BFDF2BD6543100222BF7 /* Resources */,
			);
			buildRules = (
			);
			dependencies = (
				52F3BFE32BD6543100222BF7 /* PBXTargetDependency */,
			);
			name = HabitTrackerAppTests;
			productName = HabitTrackerAppTests;
			productReference = 52F3BFE12BD6543100222BF7 /* HabitTrackerAppTests.xctest */;
			productType = "com.apple.product-type.bundle.unit-test";
		};
		52F3BFEA2BD6543100222BF7 /* HabitTrackerAppUITests */ = {
			isa = PBXNativeTarget;
			buildConfigurationList = 52F3BFFB2BD6543100222BF7 /* Build configuration list for PBXNativeTarget "HabitTrackerAppUITests" */;
			buildPhases = (
				52F3BFE72BD6543100222BF7 /* Sources */,
				52F3BFE82BD6543100222BF7 /* Frameworks */,
				52F3BFE92BD6543100222BF7 /* Resources */,
			);
			buildRules = (
			);
			dependencies = (
				52F3BFED2BD6543100222BF7 /* PBXTargetDependency */,
			);
			name = HabitTrackerAppUITests;
			productName = HabitTrackerAppUITests;
			productReference = 52F3BFEB2BD6543100222BF7 /* HabitTrackerAppUITests.xctest */;
			productType = "com.apple.product-type.bundle.ui-testing";
		};
/* End PBXNativeTarget section */

/* Begin PBXProject section */
		52F3BFC92BD6542F00222BF7 /* Project object */ = {
			isa = PBXProject;
			attributes = {
				BuildIndependentTargetsInParallel = 1;
				LastSwiftUpdateCheck = 1530;
				LastUpgradeCheck = 1530;
				TargetAttributes = {
					52F3BFD02BD6542F00222BF7 = {
						CreatedOnToolsVersion = 15.3;
					};
					52F3BFE02BD6543100222BF7 = {
						CreatedOnToolsVersion = 15.3;
						TestTargetID = 52F3BFD02BD6542F00222BF7;
					};
					52F3BFEA2BD6543100222BF7 = {
						CreatedOnToolsVersion = 15.3;
						TestTargetID = 52F3BFD02BD6542F00222BF7;
					};
				};
			};
			buildConfigurationList = 52F3BFCC2BD6542F00222BF7 /* Build configuration list for PBXProject "HabitTrackerApp" */;
			compatibilityVersion = "Xcode 14.0";
			developmentRegion = en;
			hasScannedForEncodings = 0;
			knownRegions = (
				en,
				Base,
			);
			mainGroup = 52F3BFC82BD6542F00222BF7;
			packageReferences = (
				52F3C0002BD656E300222BF7 /* XCRemoteSwiftPackageReference "firebase-ios-sdk" */,
			);
			productRefGroup = 52F3BFD22BD6542F00222BF7 /* Products */;
			projectDirPath = "";
			projectRoot = "";
			targets = (
				52F3BFD02BD6542F00222BF7 /* HabitTrackerApp */,
				52F3BFE02BD6543100222BF7 /* HabitTrackerAppTests */,
				52F3BFEA2BD6543100222BF7 /* HabitTrackerAppUITests */,
			);
		};
/* End PBXProject section */

/* Begin PBXResourcesBuildPhase section */
		52F3BFCF2BD6542F00222BF7 /* Resources */ = {
			isa = PBXResourcesBuildPhase;
			buildActionMask = 2147483647;
			files = (
				52F3BFDC2BD6543000222BF7 /* Preview Assets.xcassets in Resources */,
				52F3C0162BD6707200222BF7 /* GoogleService-Info.plist in Resources */,
				52F3BFD92BD6543000222BF7 /* Assets.xcassets in Resources */,
			);
			runOnlyForDeploymentPostprocessing = 0;
		};
		52F3BFDF2BD6543100222BF7 /* Resources */ = {
			isa = PBXResourcesBuildPhase;
			buildActionMask = 2147483647;
			files = (
			);
			runOnlyForDeploymentPostprocessing = 0;
		};
		52F3BFE92BD6543100222BF7 /* Resources */ = {
			isa = PBXResourcesBuildPhase;
			buildActionMask = 2147483647;
			files = (
			);
			runOnlyForDeploymentPostprocessing = 0;
		};
/* End PBXResourcesBuildPhase section */

/* Begin PBXSourcesBuildPhase section */
		52F3BFCD2BD6542F00222BF7 /* Sources */ = {
			isa = PBXSourcesBuildPhase;
			buildActionMask = 2147483647;
			files = (
				52F3BFD72BD6542F00222BF7 /* ContentView.swift in Sources */,
				52F3C0142BD66A2200222BF7 /* HabitEntryView.swift in Sources */,
				52F3BFD52BD6542F00222BF7 /* HabitTrackerAppApp.swift in Sources */,
				52F3C0102BD668E500222BF7 /* HabitInformation.swift in Sources */,
				52F3C0122BD6691600222BF7 /* HabitViewModel.swift in Sources */,
			);
			runOnlyForDeploymentPostprocessing = 0;
		};
		52F3BFDD2BD6543100222BF7 /* Sources */ = {
			isa = PBXSourcesBuildPhase;
			buildActionMask = 2147483647;
			files = (
				52F3BFE62BD6543100222BF7 /* HabitTrackerAppTests.swift in Sources */,
			);
			runOnlyForDeploymentPostprocessing = 0;
		};
		52F3BFE72BD6543100222BF7 /* Sources */ = {
			isa = PBXSourcesBuildPhase;
			buildActionMask = 2147483647;
			files = (
				52F3BFF22BD6543100222BF7 /* HabitTrackerAppUITestsLaunchTests.swift in Sources */,
				52F3BFF02BD6543100222BF7 /* HabitTrackerAppUITests.swift in Sources */,
			);
			runOnlyForDeploymentPostprocessing = 0;
		};
/* End PBXSourcesBuildPhase section */

/* Begin PBXTargetDependency section */
		52F3BFE32BD6543100222BF7 /* PBXTargetDependency */ = {
			isa = PBXTargetDependency;
			target = 52F3BFD02BD6542F00222BF7 /* HabitTrackerApp */;
			targetProxy = 52F3BFE22BD6543100222BF7 /* PBXContainerItemProxy */;
		};
		52F3BFED2BD6543100222BF7 /* PBXTargetDependency */ = {
			isa = PBXTargetDependency;
			target = 52F3BFD02BD6542F00222BF7 /* HabitTrackerApp */;
			targetProxy = 52F3BFEC2BD6543100222BF7 /* PBXContainerItemProxy */;
		};
/* End PBXTargetDependency section */

/* Begin XCBuildConfiguration section */
		52F3BFF32BD6543100222BF7 /* Debug */ = {
			isa = XCBuildConfiguration;
			buildSettings = {
				ALWAYS_SEARCH_USER_PATHS = NO;
				ASSETCATALOG_COMPILER_GENERATE_SWIFT_ASSET_SYMBOL_EXTENSIONS = YES;
				CLANG_ANALYZER_NONNULL = YES;
				CLANG_ANALYZER_NUMBER_OBJECT_CONVERSION = YES_AGGRESSIVE;
				CLANG_CXX_LANGUAGE_STANDARD = "gnu++20";
				CLANG_ENABLE_MODULES = YES;
				CLANG_ENABLE_OBJC_ARC = YES;
				CLANG_ENABLE_OBJC_WEAK = YES;
				CLANG_WARN_BLOCK_CAPTURE_AUTORELEASING = YES;
				CLANG_WARN_BOOL_CONVERSION = YES;
				CLANG_WARN_COMMA = YES;
				CLANG_WARN_CONSTANT_CONVERSION = YES;
				CLANG_WARN_DEPRECATED_OBJC_IMPLEMENTATIONS = YES;
				CLANG_WARN_DIRECT_OBJC_ISA_USAGE = YES_ERROR;
				CLANG_WARN_DOCUMENTATION_COMMENTS = YES;
				CLANG_WARN_EMPTY_BODY = YES;
				CLANG_WARN_ENUM_CONVERSION = YES;
				CLANG_WARN_INFINITE_RECURSION = YES;
				CLANG_WARN_INT_CONVERSION = YES;
				CLANG_WARN_NON_LITERAL_NULL_CONVERSION = YES;
				CLANG_WARN_OBJC_IMPLICIT_RETAIN_SELF = YES;
				CLANG_WARN_OBJC_LITERAL_CONVERSION = YES;
				CLANG_WARN_OBJC_ROOT_CLASS = YES_ERROR;
				CLANG_WARN_QUOTED_INCLUDE_IN_FRAMEWORK_HEADER = YES;
				CLANG_WARN_RANGE_LOOP_ANALYSIS = YES;
				CLANG_WARN_STRICT_PROTOTYPES = YES;
				CLANG_WARN_SUSPICIOUS_MOVE = YES;
				CLANG_WARN_UNGUARDED_AVAILABILITY = YES_AGGRESSIVE;
				CLANG_WARN_UNREACHABLE_CODE = YES;
				CLANG_WARN__DUPLICATE_METHOD_MATCH = YES;
				COPY_PHASE_STRIP = NO;
				DEBUG_INFORMATION_FORMAT = dwarf;
				ENABLE_STRICT_OBJC_MSGSEND = YES;
				ENABLE_TESTABILITY = YES;
				ENABLE_USER_SCRIPT_SANDBOXING = YES;
				GCC_C_LANGUAGE_STANDARD = gnu17;
				GCC_DYNAMIC_NO_PIC = NO;
				GCC_NO_COMMON_BLOCKS = YES;
				GCC_OPTIMIZATION_LEVEL = 0;
				GCC_PREPROCESSOR_DEFINITIONS = (
					"DEBUG=1",
					"$(inherited)",
				);
				GCC_WARN_64_TO_32_BIT_CONVERSION = YES;
				GCC_WARN_ABOUT_RETURN_TYPE = YES_ERROR;
				GCC_WARN_UNDECLARED_SELECTOR = YES;
				GCC_WARN_UNINITIALIZED_AUTOS = YES_AGGRESSIVE;
				GCC_WARN_UNUSED_FUNCTION = YES;
				GCC_WARN_UNUSED_VARIABLE = YES;
				IPHONEOS_DEPLOYMENT_TARGET = 17.4;
				LOCALIZATION_PREFERS_STRING_CATALOGS = YES;
				MTL_ENABLE_DEBUG_INFO = INCLUDE_SOURCE;
				MTL_FAST_MATH = YES;
				ONLY_ACTIVE_ARCH = YES;
				SDKROOT = iphoneos;
				SWIFT_ACTIVE_COMPILATION_CONDITIONS = "DEBUG $(inherited)";
				SWIFT_OPTIMIZATION_LEVEL = "-Onone";
			};
			name = Debug;
		};
		52F3BFF42BD6543100222BF7 /* Release */ = {
			isa = XCBuildConfiguration;
			buildSettings = {
				ALWAYS_SEARCH_USER_PATHS = NO;
				ASSETCATALOG_COMPILER_GENERATE_SWIFT_ASSET_SYMBOL_EXTENSIONS = YES;
				CLANG_ANALYZER_NONNULL = YES;
				CLANG_ANALYZER_NUMBER_OBJECT_CONVERSION = YES_AGGRESSIVE;
				CLANG_CXX_LANGUAGE_STANDARD = "gnu++20";
				CLANG_ENABLE_MODULES = YES;
				CLANG_ENABLE_OBJC_ARC = YES;
				CLANG_ENABLE_OBJC_WEAK = YES;
				CLANG_WARN_BLOCK_CAPTURE_AUTORELEASING = YES;
				CLANG_WARN_BOOL_CONVERSION = YES;
				CLANG_WARN_COMMA = YES;
				CLANG_WARN_CONSTANT_CONVERSION = YES;
				CLANG_WARN_DEPRECATED_OBJC_IMPLEMENTATIONS = YES;
				CLANG_WARN_DIRECT_OBJC_ISA_USAGE = YES_ERROR;
				CLANG_WARN_DOCUMENTATION_COMMENTS = YES;
				CLANG_WARN_EMPTY_BODY = YES;
				CLANG_WARN_ENUM_CONVERSION = YES;
				CLANG_WARN_INFINITE_RECURSION = YES;
				CLANG_WARN_INT_CONVERSION = YES;
				CLANG_WARN_NON_LITERAL_NULL_CONVERSION = YES;
				CLANG_WARN_OBJC_IMPLICIT_RETAIN_SELF = YES;
				CLANG_WARN_OBJC_LITERAL_CONVERSION = YES;
				CLANG_WARN_OBJC_ROOT_CLASS = YES_ERROR;
				CLANG_WARN_QUOTED_INCLUDE_IN_FRAMEWORK_HEADER = YES;
				CLANG_WARN_RANGE_LOOP_ANALYSIS = YES;
				CLANG_WARN_STRICT_PROTOTYPES = YES;
				CLANG_WARN_SUSPICIOUS_MOVE = YES;
				CLANG_WARN_UNGUARDED_AVAILABILITY = YES_AGGRESSIVE;
				CLANG_WARN_UNREACHABLE_CODE = YES;
				CLANG_WARN__DUPLICATE_METHOD_MATCH = YES;
				COPY_PHASE_STRIP = NO;
				DEBUG_INFORMATION_FORMAT = "dwarf-with-dsym";
				ENABLE_NS_ASSERTIONS = NO;
				ENABLE_STRICT_OBJC_MSGSEND = YES;
				ENABLE_USER_SCRIPT_SANDBOXING = YES;
				GCC_C_LANGUAGE_STANDARD = gnu17;
				GCC_NO_COMMON_BLOCKS = YES;
				GCC_WARN_64_TO_32_BIT_CONVERSION = YES;
				GCC_WARN_ABOUT_RETURN_TYPE = YES_ERROR;
				GCC_WARN_UNDECLARED_SELECTOR = YES;
				GCC_WARN_UNINITIALIZED_AUTOS = YES_AGGRESSIVE;
				GCC_WARN_UNUSED_FUNCTION = YES;
				GCC_WARN_UNUSED_VARIABLE = YES;
				IPHONEOS_DEPLOYMENT_TARGET = 17.4;
				LOCALIZATION_PREFERS_STRING_CATALOGS = YES;
				MTL_ENABLE_DEBUG_INFO = NO;
				MTL_FAST_MATH = YES;
				SDKROOT = iphoneos;
				SWIFT_COMPILATION_MODE = wholemodule;
				VALIDATE_PRODUCT = YES;
			};
			name = Release;
		};
		52F3BFF62BD6543100222BF7 /* Debug */ = {
			isa = XCBuildConfiguration;
			buildSettings = {
				ASSETCATALOG_COMPILER_APPICON_NAME = AppIcon;
				ASSETCATALOG_COMPILER_GLOBAL_ACCENT_COLOR_NAME = AccentColor;
				CODE_SIGN_STYLE = Automatic;
				CURRENT_PROJECT_VERSION = 1;
				DEVELOPMENT_ASSET_PATHS = "\"HabitTrackerApp/Preview Content\"";
				ENABLE_PREVIEWS = YES;
				GENERATE_INFOPLIST_FILE = YES;
				INFOPLIST_KEY_UIApplicationSceneManifest_Generation = YES;
				INFOPLIST_KEY_UIApplicationSupportsIndirectInputEvents = YES;
				INFOPLIST_KEY_UILaunchScreen_Generation = YES;
				INFOPLIST_KEY_UISupportedInterfaceOrientations_iPad = "UIInterfaceOrientationPortrait UIInterfaceOrientationPortraitUpsideDown UIInterfaceOrientationLandscapeLeft UIInterfaceOrientationLandscapeRight";
				INFOPLIST_KEY_UISupportedInterfaceOrientations_iPhone = "UIInterfaceOrientationPortrait UIInterfaceOrientationLandscapeLeft UIInterfaceOrientationLandscapeRight";
				LD_RUNPATH_SEARCH_PATHS = (
					"$(inherited)",
					"@executable_path/Frameworks",
				);
				MARKETING_VERSION = 1.0;
				PRODUCT_BUNDLE_IDENTIFIER = com.example.HabitTrackerApp;
				PRODUCT_NAME = "$(TARGET_NAME)";
				SWIFT_EMIT_LOC_STRINGS = YES;
				SWIFT_VERSION = 5.0;
				TARGETED_DEVICE_FAMILY = "1,2";
			};
			name = Debug;
		};
		52F3BFF72BD6543100222BF7 /* Release */ = {
			isa = XCBuildConfiguration;
			buildSettings = {
				ASSETCATALOG_COMPILER_APPICON_NAME = AppIcon;
				ASSETCATALOG_COMPILER_GLOBAL_ACCENT_COLOR_NAME = AccentColor;
				CODE_SIGN_STYLE = Automatic;
				CURRENT_PROJECT_VERSION = 1;
				DEVELOPMENT_ASSET_PATHS = "\"HabitTrackerApp/Preview Content\"";
				ENABLE_PREVIEWS = YES;
				GENERATE_INFOPLIST_FILE = YES;
				INFOPLIST_KEY_UIApplicationSceneManifest_Generation = YES;
				INFOPLIST_KEY_UIApplicationSupportsIndirectInputEvents = YES;
				INFOPLIST_KEY_UILaunchScreen_Generation = YES;
				INFOPLIST_KEY_UISupportedInterfaceOrientations_iPad = "UIInterfaceOrientationPortrait UIInterfaceOrientationPortraitUpsideDown UIInterfaceOrientationLandscapeLeft UIInterfaceOrientationLandscapeRight";
				INFOPLIST_KEY_UISupportedInterfaceOrientations_iPhone = "UIInterfaceOrientationPortrait UIInterfaceOrientationLandscapeLeft UIInterfaceOrientationLandscapeRight";
				LD_RUNPATH_SEARCH_PATHS = (
					"$(inherited)",
					"@executable_path/Frameworks",
				);
				MARKETING_VERSION = 1.0;
				PRODUCT_BUNDLE_IDENTIFIER = com.example.HabitTrackerApp;
				PRODUCT_NAME = "$(TARGET_NAME)";
				SWIFT_EMIT_LOC_STRINGS = YES;
				SWIFT_VERSION = 5.0;
				TARGETED_DEVICE_FAMILY = "1,2";
			};
			name = Release;
		};
		52F3BFF92BD6543100222BF7 /* Debug */ = {
			isa = XCBuildConfiguration;
			buildSettings = {
				ALWAYS_EMBED_SWIFT_STANDARD_LIBRARIES = YES;
				BUNDLE_LOADER = "$(TEST_HOST)";
				CODE_SIGN_STYLE = Automatic;
				CURRENT_PROJECT_VERSION = 1;
				GENERATE_INFOPLIST_FILE = YES;
				IPHONEOS_DEPLOYMENT_TARGET = 17.4;
				MARKETING_VERSION = 1.0;
				PRODUCT_BUNDLE_IDENTIFIER = com.example.HabitTrackerAppTests;
				PRODUCT_NAME = "$(TARGET_NAME)";
				SWIFT_EMIT_LOC_STRINGS = NO;
				SWIFT_VERSION = 5.0;
				TARGETED_DEVICE_FAMILY = "1,2";
				TEST_HOST = "$(BUILT_PRODUCTS_DIR)/HabitTrackerApp.app/$(BUNDLE_EXECUTABLE_FOLDER_PATH)/HabitTrackerApp";
			};
			name = Debug;
		};
		52F3BFFA2BD6543100222BF7 /* Release */ = {
			isa = XCBuildConfiguration;
			buildSettings = {
				ALWAYS_EMBED_SWIFT_STANDARD_LIBRARIES = YES;
				BUNDLE_LOADER = "$(TEST_HOST)";
				CODE_SIGN_STYLE = Automatic;
				CURRENT_PROJECT_VERSION = 1;
				GENERATE_INFOPLIST_FILE = YES;
				IPHONEOS_DEPLOYMENT_TARGET = 17.4;
				MARKETING_VERSION = 1.0;
				PRODUCT_BUNDLE_IDENTIFIER = com.example.HabitTrackerAppTests;
				PRODUCT_NAME = "$(TARGET_NAME)";
				SWIFT_EMIT_LOC_STRINGS = NO;
				SWIFT_VERSION = 5.0;
				TARGETED_DEVICE_FAMILY = "1,2";
				TEST_HOST = "$(BUILT_PRODUCTS_DIR)/HabitTrackerApp.app/$(BUNDLE_EXECUTABLE_FOLDER_PATH)/HabitTrackerApp";
			};
			name = Release;
		};
		52F3BFFC2BD6543100222BF7 /* Debug */ = {
			isa = XCBuildConfiguration;
			buildSettings = {
				ALWAYS_EMBED_SWIFT_STANDARD_LIBRARIES = YES;
				CODE_SIGN_STYLE = Automatic;
				CURRENT_PROJECT_VERSION = 1;
				GENERATE_INFOPLIST_FILE = YES;
				MARKETING_VERSION = 1.0;
				PRODUCT_BUNDLE_IDENTIFIER = com.example.HabitTrackerAppUITests;
				PRODUCT_NAME = "$(TARGET_NAME)";
				SWIFT_EMIT_LOC_STRINGS = NO;
				SWIFT_VERSION = 5.0;
				TARGETED_DEVICE_FAMILY = "1,2";
				TEST_TARGET_NAME = HabitTrackerApp;
			};
			name = Debug;
		};
		52F3BFFD2BD6543100222BF7 /* Release */ = {
			isa = XCBuildConfiguration;
			buildSettings = {
				ALWAYS_EMBED_SWIFT_STANDARD_LIBRARIES = YES;
				CODE_SIGN_STYLE = Automatic;
				CURRENT_PROJECT_VERSION = 1;
				GENERATE_INFOPLIST_FILE = YES;
				MARKETING_VERSION = 1.0;
				PRODUCT_BUNDLE_IDENTIFIER = com.example.HabitTrackerAppUITests;
				PRODUCT_NAME = "$(TARGET_NAME)";
				SWIFT_EMIT_LOC_STRINGS = NO;
				SWIFT_VERSION = 5.0;
				TARGETED_DEVICE_FAMILY = "1,2";
				TEST_TARGET_NAME = HabitTrackerApp;
			};
			name = Release;
		};
/* End XCBuildConfiguration section */

/* Begin XCConfigurationList section */
		52F3BFCC2BD6542F00222BF7 /* Build configuration list for PBXProject "HabitTrackerApp" */ = {
			isa = XCConfigurationList;
			buildConfigurations = (
				52F3BFF32BD6543100222BF7 /* Debug */,
				52F3BFF42BD6543100222BF7 /* Release */,
			);
			defaultConfigurationIsVisible = 0;
			defaultConfigurationName = Release;
		};
		52F3BFF52BD6543100222BF7 /* Build configuration list for PBXNativeTarget "HabitTrackerApp" */ = {
			isa = XCConfigurationList;
			buildConfigurations = (
				52F3BFF62BD6543100222BF7 /* Debug */,
				52F3BFF72BD6543100222BF7 /* Release */,
			);
			defaultConfigurationIsVisible = 0;
			defaultConfigurationName = Release;
		};
		52F3BFF82BD6543100222BF7 /* Build configuration list for PBXNativeTarget "HabitTrackerAppTests" */ = {
			isa = XCConfigurationList;
			buildConfigurations = (
				52F3BFF92BD6543100222BF7 /* Debug */,
				52F3BFFA2BD6543100222BF7 /* Release */,
			);
			defaultConfigurationIsVisible = 0;
			defaultConfigurationName = Release;
		};
		52F3BFFB2BD6543100222BF7 /* Build configuration list for PBXNativeTarget "HabitTrackerAppUITests" */ = {
			isa = XCConfigurationList;
			buildConfigurations = (
				52F3BFFC2BD6543100222BF7 /* Debug */,
				52F3BFFD2BD6543100222BF7 /* Release */,
			);
			defaultConfigurationIsVisible = 0;
			defaultConfigurationName = Release;
		};
/* End XCConfigurationList section */

/* Begin XCRemoteSwiftPackageReference section */
		52F3C0002BD656E300222BF7 /* XCRemoteSwiftPackageReference "firebase-ios-sdk" */ = {
			isa = XCRemoteSwiftPackageReference;
			repositoryURL = "https://github.com/firebase/firebase-ios-sdk";
			requirement = {
				kind = upToNextMajorVersion;
				minimumVersion = 10.24.0;
			};
		};
/* End XCRemoteSwiftPackageReference section */

/* Begin XCSwiftPackageProductDependency section */
		52F3C0012BD656E400222BF7 /* FirebaseAnalytics */ = {
			isa = XCSwiftPackageProductDependency;
			package = 52F3C0002BD656E300222BF7 /* XCRemoteSwiftPackageReference "firebase-ios-sdk" */;
			productName = FirebaseAnalytics;
		};
		52F3C0032BD656E400222BF7 /* FirebaseAnalyticsSwift */ = {
			isa = XCSwiftPackageProductDependency;
			package = 52F3C0002BD656E300222BF7 /* XCRemoteSwiftPackageReference "firebase-ios-sdk" */;
			productName = FirebaseAnalyticsSwift;
		};
		52F3C0052BD656E400222BF7 /* FirebaseAuth */ = {
			isa = XCSwiftPackageProductDependency;
			package = 52F3C0002BD656E300222BF7 /* XCRemoteSwiftPackageReference "firebase-ios-sdk" */;
			productName = FirebaseAuth;
		};
		52F3C0072BD656E400222BF7 /* FirebaseFirestore */ = {
			isa = XCSwiftPackageProductDependency;
			package = 52F3C0002BD656E300222BF7 /* XCRemoteSwiftPackageReference "firebase-ios-sdk" */;
			productName = FirebaseFirestore;
		};
		52F3C0092BD656E400222BF7 /* FirebaseFirestoreSwift */ = {
			isa = XCSwiftPackageProductDependency;
			package = 52F3C0002BD656E300222BF7 /* XCRemoteSwiftPackageReference "firebase-ios-sdk" */;
			productName = FirebaseFirestoreSwift;
		};
		52F3C00B2BD656E400222BF7 /* FirebaseMessaging */ = {
			isa = XCSwiftPackageProductDependency;
			package = 52F3C0002BD656E300222BF7 /* XCRemoteSwiftPackageReference "firebase-ios-sdk" */;
			productName = FirebaseMessaging;
		};
		52F3C00D2BD656E400222BF7 /* FirebaseStorage */ = {
			isa = XCSwiftPackageProductDependency;
			package = 52F3C0002BD656E300222BF7 /* XCRemoteSwiftPackageReference "firebase-ios-sdk" */;
			productName = FirebaseStorage;
		};
/* End XCSwiftPackageProductDependency section */
	};
	rootObject = 52F3BFC92BD6542F00222BF7 /* Project object */;
}
